
Microsoft Visual Studio Solution File, Format Version 12.00
# Visual Studio Version 17
VisualStudioVersion = 17.6.33712.159
MinimumVisualStudioVersion = 10.0.40219.1
Project("{FAE04EC0-301F-11D3-BF4B-00C04F79EFBC}") = "Solution-EDC", "Solution-EDC.csproj", "{6ABFD49C-D0C3-4D5D-AC6E-3D42069EAD06}"
EndProject
Global
	GlobalSection(SolutionConfigurationPlatforms) = preSolution
		Debug|Any CPU = Debug|Any CPU
		Release|Any CPU = Release|Any CPU
	EndGlobalSection
	GlobalSection(ProjectConfigurationPlatforms) = postSolution
		{6ABFD49C-D0C3-4D5D-AC6E-3D42069EAD06}.Debug|Any CPU.ActiveCfg = Debug|Any CPU
		{6ABFD49C-D0C3-4D5D-AC6E-3D42069EAD06}.Debug|Any CPU.Build.0 = Debug|Any CPU
		{6ABFD49C-D0C3-4D5D-AC6E-3D42069EAD06}.Release|Any CPU.ActiveCfg = Release|Any CPU
		{6ABFD49C-D0C3-4D5D-AC6E-3D42069EAD06}.Release|Any CPU.Build.0 = Release|Any CPU
	EndGlobalSection
	GlobalSection(SolutionProperties) = preSolution
		HideSolutionNode = FALSE
	EndGlobalSection
	GlobalSection(ExtensibilityGlobals) = postSolution
		SolutionGuid = {5490E788-4AF5-4150-98C2-CC698A210C63}
	EndGlobalSection
EndGlobal
